Microsoft Visual Studio Solution File, Format Version 12.00
# Visual Studio Version 17
VisualStudioVersion = 17.5.2.0
MinimumVisualStudioVersion = 10.0.40219.1
Project("{FAE04EC0-301F-11D3-BF4B-00C04F79EFBC}") = "snip", "snip.csproj", "{1515B799-F1E6-0238-CD2B-6BF57B432E87}"
EndProject
Global
	GlobalSection(SolutionConfigurationPlatforms) = preSolution
		Debug|Any CPU = Debug|Any CPU
		Release|Any CPU = Release|Any CPU
	EndGlobalSection
	GlobalSection(ProjectConfigurationPlatforms) = postSolution
		{1515B799-F1E6-0238-CD2B-6BF57B432E87}.Debug|Any CPU.ActiveCfg = Debug|Any CPU
		{1515B799-F1E6-0238-CD2B-6BF57B432E87}.Debug|Any CPU.Build.0 = Debug|Any CPU
		{1515B799-F1E6-0238-CD2B-6BF57B432E87}.Release|Any CPU.ActiveCfg = Release|Any CPU
		{1515B799-F1E6-0238-CD2B-6BF57B432E87}.Release|Any CPU.Build.0 = Release|Any CPU
	EndGlobalSection
	GlobalSection(SolutionProperties) = preSolution
		HideSolutionNode = FALSE
	EndGlobalSection
	GlobalSection(ExtensibilityGlobals) = postSolution
		SolutionGuid = {AFEC22B8-C7CA-43DE-846F-186E8BE884BE}
	EndGlobalSection
EndGlobal
